// !$*UTF8*$!
{
	archiveVersion = 1;
	classes = {
	};
	objectVersion = 46;
	objects = {

/* Begin PBXBuildFile section */
		1F05AC171C3EEF960053EC46 /* AppDelegate.swift in Sources */ = {isa = PBXBuildFile; fileRef = 1F05AC161C3EEF960053EC46 /* AppDelegate.swift */; };
		1F05AC1A1C3EEF960053EC46 /* medicapp_dos.xcdatamodeld in Sources */ = {isa = PBXBuildFile; fileRef = 1F05AC181C3EEF960053EC46 /* medicapp_dos.xcdatamodeld */; };
		1F05AC1C1C3EEF960053EC46 /* MasterViewController.swift in Sources */ = {isa = PBXBuildFile; fileRef = 1F05AC1B1C3EEF960053EC46 /* MasterViewController.swift */; };
		1F05AC1E1C3EEF960053EC46 /* DetailViewController.swift in Sources */ = {isa = PBXBuildFile; fileRef = 1F05AC1D1C3EEF960053EC46 /* DetailViewController.swift */; };
		1F05AC211C3EEF960053EC46 /* Main.storyboard in Resources */ = {isa = PBXBuildFile; fileRef = 1F05AC1F1C3EEF960053EC46 /* Main.storyboard */; };
		1F05AC231C3EEF960053EC46 /* Assets.xcassets in Resources */ = {isa = PBXBuildFile; fileRef = 1F05AC221C3EEF960053EC46 /* Assets.xcassets */; };
		1F05AC261C3EEF960053EC46 /* LaunchScreen.storyboard in Resources */ = {isa = PBXBuildFile; fileRef = 1F05AC241C3EEF960053EC46 /* LaunchScreen.storyboard */; };
/* End PBXBuildFile section */

/* Begin PBXFileReference section */
		1F05AC131C3EEF960053EC46 /* medicapp_dos.app */ = {isa = PBXFileReference; explicitFileType = wrapper.application; includeInIndex = 0; path = medicapp_dos.app; sourceTree = BUILT_PRODUCTS_DIR; };
		1F05AC161C3EEF960053EC46 /* AppDelegate.swift */ = {isa = PBXFileReference; lastKnownFileType = sourcecode.swift; path = AppDelegate.swift; sourceTree = "<group>"; };
		1F05AC191C3EEF960053EC46 /* medicapp_dos.xcdatamodel */ = {isa = PBXFileReference; lastKnownFileType = wrapper.xcdatamodel; path = medicapp_dos.xcdatamodel; sourceTree = "<group>"; };
		1F05AC1B1C3EEF960053EC46 /* MasterViewController.swift */ = {isa = PBXFileReference; lastKnownFileType = sourcecode.swift; path = MasterViewController.swift; sourceTree = "<group>"; };
		1F05AC1D1C3EEF960053EC46 /* DetailViewController.swift */ = {isa = PBXFileReference; lastKnownFileType = sourcecode.swift; path = DetailViewController.swift; sourceTree = "<group>"; };
		1F05AC201C3EEF960053EC46 /* Base */ = {isa = PBXFileReference; lastKnownFileType = file.storyboard; name = Base; path = Base.lproj/Main.storyboard; sourceTree = "<group>"; };
		1F05AC221C3EEF960053EC46 /* Assets.xcassets */ = {isa = PBXFileReference; lastKnownFileType = folder.assetcatalog; path = Assets.xcassets; sourceTree = "<group>"; };
		1F05AC251C3EEF960053EC46 /* Base */ = {isa = PBXFileReference; lastKnownFileType = file.storyboard; name = Base; path = Base.lproj/LaunchScreen.storyboard; sourceTree = "<group>"; };
		1F05AC271C3EEF960053EC46 /* Info.plist */ = {isa = PBXFileReference; lastKnownFileType = text.plist.xml; path = Info.plist; sourceTree = "<group>"; };
/* End PBXFileReference section */

/* Begin PBXFrameworksBuildPhase section */
		1F05AC101C3EEF960053EC46 /* Frameworks */ = {
			isa = PBXFrameworksBuildPhase;
			buildActionMask = 2147483647;
			files = (
			);
			runOnlyForDeploymentPostprocessing = 0;
		};
/* End PBXFrameworksBuildPhase section */

/* Begin PBXGroup section */
		1F05AC0A1C3EEF960053EC46 = {
			isa = PBXGroup;
			children = (
				1F05AC151C3EEF960053EC46 /* medicapp_dos */,
				1F05AC141C3EEF960053EC46 /* Products */,
			);
			sourceTree = "<group>";
		};
		1F05AC141C3EEF960053EC46 /* Products */ = {
			isa = PBXGroup;
			children = (
				1F05AC131C3EEF960053EC46 /* medicapp_dos.app */,
			);
			name = Products;
			sourceTree = "<group>";
		};
		1F05AC151C3EEF960053EC46 /* medicapp_dos */ = {
			isa = PBXGroup;
			children = (
				1F05AC161C3EEF960053EC46 /* AppDelegate.swift */,
				1F05AC1B1C3EEF960053EC46 /* MasterViewController.swift */,
				1F05AC1D1C3EEF960053EC46 /* DetailViewController.swift */,
				1F05AC1F1C3EEF960053EC46 /* Main.storyboard */,
				1F05AC221C3EEF960053EC46 /* Assets.xcassets */,
				1F05AC241C3EEF960053EC46 /* LaunchScreen.storyboard */,
				1F05AC271C3EEF960053EC46 /* Info.plist */,
				1F05AC181C3EEF960053EC46 /* medicapp_dos.xcdatamodeld */,
			);
			path = medicapp_dos;
			sourceTree = "<group>";
		};
/* End PBXGroup section */

/* Begin PBXNativeTarget section */
		1F05AC121C3EEF960053EC46 /* medicapp_dos */ = {
			isa = PBXNativeTarget;
			buildConfigurationList = 1F05AC2A1C3EEF960053EC46 /* Build configuration list for PBXNativeTarget "medicapp_dos" */;
			buildPhases = (
				1F05AC0F1C3EEF960053EC46 /* Sources */,
				1F05AC101C3EEF960053EC46 /* Frameworks */,
				1F05AC111C3EEF960053EC46 /* Resources */,
			);
			buildRules = (
			);
			dependencies = (
			);
			name = medicapp_dos;
			productName = medicapp_dos;
			productReference = 1F05AC131C3EEF960053EC46 /* medicapp_dos.app */;
			productType = "com.apple.product-type.application";
		};
/* End PBXNativeTarget section */

/* Begin PBXProject section */
		1F05AC0B1C3EEF960053EC46 /* Project object */ = {
			isa = PBXProject;
			attributes = {
				LastSwiftUpdateCheck = 0720;
				LastUpgradeCheck = 0720;
				ORGANIZATIONNAME = Egibide;
				TargetAttributes = {
					1F05AC121C3EEF960053EC46 = {
						CreatedOnToolsVersion = 7.2;
					};
				};
			};
			buildConfigurationList = 1F05AC0E1C3EEF960053EC46 /* Build configuration list for PBXProject "medicapp_dos" */;
			compatibilityVersion = "Xcode 3.2";
			developmentRegion = English;
			hasScannedForEncodings = 0;
			knownRegions = (
				en,
				Base,
			);
			mainGroup = 1F05AC0A1C3EEF960053EC46;
			productRefGroup = 1F05AC141C3EEF960053EC46 /* Products */;
			projectDirPath = "";
			projectRoot = "";
			targets = (
				1F05AC121C3EEF960053EC46 /* medicapp_dos */,
			);
		};
/* End PBXProject section */

/* Begin PBXResourcesBuildPhase section */
		1F05AC111C3EEF960053EC46 /* Resources */ = {
			isa = PBXResourcesBuildPhase;
			buildActionMask = 2147483647;
			files = (
				1F05AC261C3EEF960053EC46 /* LaunchScreen.storyboard in Resources */,
				1F05AC231C3EEF960053EC46 /* Assets.xcassets in Resources */,
				1F05AC211C3EEF960053EC46 /* Main.storyboard in Resources */,
			);
			runOnlyForDeploymentPostprocessing = 0;
		};
/* End PBXResourcesBuildPhase section */

/* Begin PBXSourcesBuildPhase section */
		1F05AC0F1C3EEF960053EC46 /* Sources */ = {
			isa = PBXSourcesBuildPhase;
			buildActionMask = 2147483647;
			files = (
				1F05AC171C3EEF960053EC46 /* AppDelegate.swift in Sources */,
				1F05AC1A1C3EEF960053EC46 /* medicapp_dos.xcdatamodeld in Sources */,
				1F05AC1C1C3EEF960053EC46 /* MasterViewController.swift in Sources */,
				1F05AC1E1C3EEF960053EC46 /* DetailViewController.swift in Sources */,
			);
			runOnlyForDeploymentPostprocessing = 0;
		};
/* End PBXSourcesBuildPhase section */

/* Begin PBXVariantGroup section */
		1F05AC1F1C3EEF960053EC46 /* Main.storyboard */ = {
			isa = PBXVariantGroup;
			children = (
				1F05AC201C3EEF960053EC46 /* Base */,
			);
			name = Main.storyboard;
			sourceTree = "<group>";
		};
		1F05AC241C3EEF960053EC46 /* LaunchScreen.storyboard */ = {
			isa = PBXVariantGroup;
			children = (
				1F05AC251C3EEF960053EC46 /* Base */,
			);
			name = LaunchScreen.storyboard;
			sourceTree = "<group>";
		};
/* End PBXVariantGroup section */

/* Begin XCBuildConfiguration section */
		1F05AC281C3EEF960053EC46 /* Debug */ = {
			isa = XCBuildConfiguration;
			buildSettings = {
				ALWAYS_SEARCH_USER_PATHS = NO;
				CLANG_CXX_LANGUAGE_STANDARD = "gnu++0x";
				CLANG_CXX_LIBRARY = "libc++";
				CLANG_ENABLE_MODULES = YES;
				CLANG_ENABLE_OBJC_ARC = YES;
				CLANG_WARN_BOOL_CONVERSION = YES;
				CLANG_WARN_CONSTANT_CONVERSION = YES;
				CLANG_WARN_DIRECT_OBJC_ISA_USAGE = YES_ERROR;
				CLANG_WARN_EMPTY_BODY = YES;
				CLANG_WARN_ENUM_CONVERSION = YES;
				CLANG_WARN_INT_CONVERSION = YES;
				CLANG_WARN_OBJC_ROOT_CLASS = YES_ERROR;
				CLANG_WARN_UNREACHABLE_CODE = YES;
				CLANG_WARN__DUPLICATE_METHOD_MATCH = YES;
				"CODE_SIGN_IDENTITY[sdk=iphoneos*]" = "iPhone Developer";
				COPY_PHASE_STRIP = NO;
				DEBUG_INFORMATION_FORMAT = dwarf;
				ENABLE_STRICT_OBJC_MSGSEND = YES;
				ENABLE_TESTABILITY = YES;
				GCC_C_LANGUAGE_STANDARD = gnu99;
				GCC_DYNAMIC_NO_PIC = NO;
				GCC_NO_COMMON_BLOCKS = YES;
				GCC_OPTIMIZATION_LEVEL = 0;
				GCC_PREPROCESSOR_DEFINITIONS = (
					"DEBUG=1",
					"$(inherited)",
				);
				GCC_WARN_64_TO_32_BIT_CONVERSION = YES;
				GCC_WARN_ABOUT_RETURN_TYPE = YES_ERROR;
				GCC_WARN_UNDECLARED_SELECTOR = YES;
				GCC_WARN_UNINITIALIZED_AUTOS = YES_AGGRESSIVE;
				GCC_WARN_UNUSED_FUNCTION = YES;
				GCC_WARN_UNUSED_VARIABLE = YES;
				IPHONEOS_DEPLOYMENT_TARGET = 9.2;
				MTL_ENABLE_DEBUG_INFO = YES;
				ONLY_ACTIVE_ARCH = YES;
				SDKROOT = iphoneos;
				SWIFT_OPTIMIZATION_LEVEL = "-Onone";
			};
			name = Debug;
		};
		1F05AC291C3EEF960053EC46 /* Release */ = {
			isa = XCBuildConfiguration;
			buildSettings = {
				ALWAYS_SEARCH_USER_PATHS = NO;
				CLANG_CXX_LANGUAGE_STANDARD = "gnu++0x";
				CLANG_CXX_LIBRARY = "libc++";
				CLANG_ENABLE_MODULES = YES;
				CLANG_ENABLE_OBJC_ARC = YES;
				CLANG_WARN_BOOL_CONVERSION = YES;
				CLANG_WARN_CONSTANT_CONVERSION = YES;
				CLANG_WARN_DIRECT_OBJC_ISA_USAGE = YES_ERROR;
				CLANG_WARN_EMPTY_BODY = YES;
				CLANG_WARN_ENUM_CONVERSION = YES;
				CLANG_WARN_INT_CONVERSION = YES;
				CLANG_WARN_OBJC_ROOT_CLASS = YES_ERROR;
				CLANG_WARN_UNREACHABLE_CODE = YES;
				CLANG_WARN__DUPLICATE_METHOD_MATCH = YES;
				"CODE_SIGN_IDENTITY[sdk=iphoneos*]" = "iPhone Developer";
				COPY_PHASE_STRIP = NO;
				DEBUG_INFORMATION_FORMAT = "dwarf-with-dsym";
				ENABLE_NS_ASSERTIONS = NO;
				ENABLE_STRICT_OBJC_MSGSEND = YES;
				GCC_C_LANGUAGE_STANDARD = gnu99;
				GCC_NO_COMMON_BLOCKS = YES;
				GCC_WARN_64_TO_32_BIT_CONVERSION = YES;
				GCC_WARN_ABOUT_RETURN_TYPE = YES_ERROR;
				GCC_WARN_UNDECLARED_SELECTOR = YES;
				GCC_WARN_UNINITIALIZED_AUTOS = YES_AGGRESSIVE;
				GCC_WARN_UNUSED_FUNCTION = YES;
				GCC_WARN_UNUSED_VARIABLE = YES;
				IPHONEOS_DEPLOYMENT_TARGET = 9.2;
				MTL_ENABLE_DEBUG_INFO = NO;
				SDKROOT = iphoneos;
				VALIDATE_PRODUCT = YES;
			};
			name = Release;
		};
		1F05AC2B1C3EEF960053EC46 /* Debug */ = {
			isa = XCBuildConfiguration;
			buildSettings = {
				ASSETCATALOG_COMPILER_APPICON_NAME = AppIcon;
				INFOPLIST_FILE = medicapp_dos/Info.plist;
				LD_RUNPATH_SEARCH_PATHS = "$(inherited) @executable_path/Frameworks";
				PRODUCT_BUNDLE_IDENTIFIER = "org.egibide.medicapp-dos";
				PRODUCT_NAME = "$(TARGET_NAME)";
			};
			name = Debug;
		};
		1F05AC2C1C3EEF960053EC46 /* Release */ = {
			isa = XCBuildConfiguration;
			buildSettings = {
				ASSETCATALOG_COMPILER_APPICON_NAME = AppIcon;
				INFOPLIST_FILE = medicapp_dos/Info.plist;
				LD_RUNPATH_SEARCH_PATHS = "$(inherited) @executable_path/Frameworks";
				PRODUCT_BUNDLE_IDENTIFIER = "org.egibide.medicapp-dos";
				PRODUCT_NAME = "$(TARGET_NAME)";
			};
			name = Release;
		};
/* End XCBuildConfiguration section */

/* Begin XCConfigurationList section */
		1F05AC0E1C3EEF960053EC46 /* Build configuration list for PBXProject "medicapp_dos" */ = {
			isa = XCConfigurationList;
			buildConfigurations = (
				1F05AC281C3EEF960053EC46 /* Debug */,
				1F05AC291C3EEF960053EC46 /* Release */,
			);
			defaultConfigurationIsVisible = 0;
			defaultConfigurationName = Release;
		};
		1F05AC2A1C3EEF960053EC46 /* Build configuration list for PBXNativeTarget "medicapp_dos" */ = {
			isa = XCConfigurationList;
			buildConfigurations = (
				1F05AC2B1C3EEF960053EC46 /* Debug */,
				1F05AC2C1C3EEF960053EC46 /* Release */,
			);
			defaultConfigurationIsVisible = 0;
		};
/* End XCConfigurationList section */

/* Begin XCVersionGroup section */
		1F05AC181C3EEF960053EC46 /* medicapp_dos.xcdatamodeld */ = {
			isa = XCVersionGroup;
			children = (
				1F05AC191C3EEF960053EC46 /* medicapp_dos.xcdatamodel */,
			);
			currentVersion = 1F05AC191C3EEF960053EC46 /* medicapp_dos.xcdatamodel */;
			path = medicapp_dos.xcdatamodeld;
			sourceTree = "<group>";
			versionGroupType = wrapper.xcdatamodel;
		};
/* End XCVersionGroup section */
	};
	rootObject = 1F05AC0B1C3EEF960053EC46 /* Project object */;
}
